{
  "requires": true,
  "lockfileVersion": 1,
  "dependencies": {
    "marked": {
      "version": "0.6.1",
      "resolved": "https://registry.npmjs.org/marked/-/marked-0.6.1.tgz",
      "integrity": "sha512-+H0L3ibcWhAZE02SKMqmvYsErLo4EAVJxu5h3bHBBDvvjeWXtl92rGUSBYHL2++5Y+RSNgl8dYOAXcYe7lp1fA=="
    },
    "xml-writer": {
      "version": "1.7.0",
      "resolved": "https://registry.npmjs.org/xml-writer/-/xml-writer-1.7.0.tgz",
      "integrity": "sha1-t28dWRwWomNOvbcDx729D9aBkGU="
    }
  }
}
